
Microsoft Visual Studio Solution File, Format Version 12.00
# Visual Studio 15
VisualStudioVersion = 15.0.28307.271
MinimumVisualStudioVersion = 10.0.40219.1
Project("{FAE04EC0-301F-11D3-BF4B-00C04F79EFBC}") = "WinterVacation01", "WinterVacation01\WinterVacation01.csproj", "{814FD881-973B-48FA-9591-60375210C93E}"
EndProject
Project("{FAE04EC0-301F-11D3-BF4B-00C04F79EFBC}") = "WinterVacation04", "WinterVacation04\WinterVacation04.csproj", "{33A52242-E068-4E5B-B89C-CCF0DA3D9270}"
EndProject
Global
	GlobalSection(SolutionConfigurationPlatforms) = preSolution
		Debug|Any CPU = Debug|Any CPU
		Release|Any CPU = Release|Any CPU
	EndGlobalSection
	GlobalSection(ProjectConfigurationPlatforms) = postSolution
		{814FD881-973B-48FA-9591-60375210C93E}.Debug|Any CPU.ActiveCfg = Debug|Any CPU
		{814FD881-973B-48FA-9591-60375210C93E}.Debug|Any CPU.Build.0 = Debug|Any CPU
		{814FD881-973B-48FA-9591-60375210C93E}.Release|Any CPU.ActiveCfg = Release|Any CPU
		{814FD881-973B-48FA-9591-60375210C93E}.Release|Any CPU.Build.0 = Release|Any CPU
		{33A52242-E068-4E5B-B89C-CCF0DA3D9270}.Debug|Any CPU.ActiveCfg = Debug|Any CPU
		{33A52242-E068-4E5B-B89C-CCF0DA3D9270}.Debug|Any CPU.Build.0 = Debug|Any CPU
		{33A52242-E068-4E5B-B89C-CCF0DA3D9270}.Release|Any CPU.ActiveCfg = Release|Any CPU
		{33A52242-E068-4E5B-B89C-CCF0DA3D9270}.Release|Any CPU.Build.0 = Release|Any CPU
	EndGlobalSection
	GlobalSection(SolutionProperties) = preSolution
		HideSolutionNode = FALSE
	EndGlobalSection
	GlobalSection(ExtensibilityGlobals) = postSolution
		SolutionGuid = {541B2E65-8BD1-488F-A1B0-29A9DBD3D941}
	EndGlobalSection
EndGlobal
